<?xml version="1.0" encoding="UTF-8" standalone="yes" ?>
<CodeBlocks_project_file>
	<FileVersion major="1" minor="6" />
	<Project>
		<Option title="Application" />
		<Option pch_mode="2" />
		<Option compiler="gcc" />
		<Build>
			<Target title="Debug">
				<Option output="bin/Debug/Appli" prefix_auto="1" extension_auto="1" />
				<Option object_output="obj/Debug/" />
				<Option type="1" />
				<Option compiler="gcc" />
				<Compiler>
					<Add option="-std=c++11" />
					<Add option="-g" />
					<Add directory="utilitaires/include" />
					<Add directory="include" />
				</Compiler>
				<Linker>
					<Add library="sfml-audio-s-d" />
					<Add library="sfml-graphics-s-d" />
					<Add library="sfml-window-s-d" />
					<Add library="sfml-system-s-d" />
				</Linker>
			</Target>
			<Target title="Release">
				<Option output="bin/Release/Appli" prefix_auto="1" extension_auto="1" />
				<Option object_output="obj/Release/" />
				<Option type="0" />
				<Option compiler="gcc" />
				<Compiler>
					<Add option="-O2" />
					<Add option="-std=c++11" />
					<Add directory="utilitaires/include" />
					<Add directory="include" />
				</Compiler>
				<Linker>
					<Add option="-s" />
					<Add library="sfml-audio-s" />
					<Add library="sfml-graphics-s" />
					<Add library="sfml-window-s" />
					<Add library="sfml-system-s" />
				</Linker>
			</Target>
		</Build>
		<Compiler>
			<Add option="-Wall" />
			<Add option="-std=c++11" />
			<Add option="-fexceptions" />
			<Add option="-DSFML_STATIC" />
			<Add directory="F:/Bibliotheques CPP/SFML-2.1/include" />
			<Add directory="include" />
		</Compiler>
		<Linker>
			<Add directory="F:/Bibliotheques CPP/SFML-2.1/lib" />
			<Add directory="src" />
		</Linker>
		<Unit filename="Appli.depend" />
		<Unit filename="Appli.layout" />
		<Unit filename="include/appli/Application.h" />
		<Unit filename="include/appli/Config.h" />
		<Unit filename="include/appli/Ecran.h" />
		<Unit filename="include/appli/Gestion_ecrans.h" />
		<Unit filename="include/appli/ResourceMgr.h" />
		<Unit filename="include/appli/ResourceMgr.inl" />
		<Unit filename="include/appli/ecrans/EcranAccueil.h" />
		<Unit filename="include/appli/ecrans/EcranJeu.h" />
		<Unit filename="include/gui/Actions.h" />
		<Unit filename="include/gui/Calque.h" />
		<Unit filename="include/gui/Fabrique.h" />
		<Unit filename="include/gui/Gadget.h" />
		<Unit filename="include/gui/Gui.h" />
		<Unit filename="include/gui/gadgets/Bouton.h" />
		<Unit filename="include/gui/gadgets/Image.h" />
		<Unit filename="include/gui/gadgets/Label.h" />
		<Unit filename="include/jeu/Etage.h" />
		<Unit filename="include/jeu/Jeu.h" />
		<Unit filename="include/jeu/PlanteVerte.h" />
		<Unit filename="include/jeu/Terrain.h" />
		<Unit filename="include/outils/Utilitaires.h" />
		<Unit filename="include/outils/Utilitaires.inl" />
		<Unit filename="main.cpp" />
		<Unit filename="media/img/IconeVide.png" />
		<Unit filename="media/img/Icone_test x16.png" />
		<Unit filename="media/img/Icone_test.png" />
		<Unit filename="media/img/Icones_test.png" />
		<Unit filename="media/img/Icones_test.psd" />
		<Unit filename="media/img/Image_defaut.png" />
		<Unit filename="media/img/avatar 2.jpg" />
		<Unit filename="media/img/avatar3.jpg" />
		<Unit filename="media/img/avatar4.jpg" />
		<Unit filename="media/img/curs_redimensionnement.png" />
		<Unit filename="media/img/curs_redimensionnement.psd" />
		<Unit filename="media/img/ico_Historique.png" />
		<Unit filename="media/img/ico_btnIcone.png" />
		<Unit filename="media/img/ico_fenetre.png" />
		<Unit filename="media/img/ico_fenetreAgrandir.png" />
		<Unit filename="media/img/ico_fenetreFermer.png" />
		<Unit filename="media/img/ico_fenetreReduire.png" />
		<Unit filename="media/img/ico_fichiers.png" />
		<Unit filename="media/img/ico_fleches.png" />
		<Unit filename="media/img/ico_lecteur.png" />
		<Unit filename="media/img/ico_sphere.png" />
		<Unit filename="media/img/ico_testBoutons.png" />
		<Unit filename="media/img/icone_titre.png" />
		<Unit filename="media/img/icones_cercles.png" />
		<Unit filename="media/img/icones_fenetre.png" />
		<Unit filename="media/img/nuage.jpg" />
		<Unit filename="media/img/resultat.jpg" />
		<Unit filename="media/img/sawaki_redim.jpg" />
		<Unit filename="media/img/senseidoigt.gif" />
		<Unit filename="media/img/senseidoigt.png" />
		<Unit filename="media/polices/arial.ttf" />
		<Unit filename="media/polices/bgothl.ttf" />
		<Unit filename="media/polices/consola.ttf" />
		<Unit filename="media/polices/consolab.ttf" />
		<Unit filename="media/polices/consolai.ttf" />
		<Unit filename="media/polices/consolaz.ttf" />
		<Unit filename="media/polices/swisse.ttf" />
		<Unit filename="media/polices/swisseb.ttf" />
		<Unit filename="media/polices/syastro_.ttf" />
		<Unit filename="media/polices/webdings.ttf" />
		<Unit filename="media/polices/wingding.ttf" />
		<Unit filename="media/shaders/clippingMask.frag" />
		<Unit filename="media/shaders/flou.frag" />
		<Unit filename="media/shaders/flouTableau.frag" />
		<Unit filename="media/shaders/grille.frag" />
		<Unit filename="media/shaders/hachures&amp;contours.frag" />
		<Unit filename="media/shaders/hachures.frag" />
		<Unit filename="media/shaders/vignette.frag" />
		<Unit filename="src/appli/Application.cpp" />
		<Unit filename="src/appli/Config.cpp" />
		<Unit filename="src/appli/Ecran.cpp" />
		<Unit filename="src/appli/Gestion_ecrans.cpp" />
		<Unit filename="src/appli/ecrans/EcranAccueil.cpp" />
		<Unit filename="src/appli/ecrans/EcranJeu.cpp" />
		<Unit filename="src/gui/Actions.cpp" />
		<Unit filename="src/gui/Calque.cpp" />
		<Unit filename="src/gui/Fabrique.cpp" />
		<Unit filename="src/gui/Gadget.cpp" />
		<Unit filename="src/gui/Gui.cpp" />
		<Unit filename="src/gui/gadgets/Bouton.cpp" />
		<Unit filename="src/gui/gadgets/Image.cpp" />
		<Unit filename="src/gui/gadgets/Label.cpp" />
		<Unit filename="src/jeu/Etage.cpp" />
		<Unit filename="src/jeu/Jeu.cpp" />
		<Unit filename="src/jeu/PlanteVerte.cpp" />
		<Unit filename="src/jeu/Terrain.cpp" />
		<Unit filename="src/outils/Utilitaires.cpp" />
		<Extensions>
			<code_completion />
			<envvars />
			<debugger />
			<DoxyBlocks>
				<comment_style block="5" line="2" />
				<doxyfile_project output_directory="docs" output_language="French" />
				<doxyfile_build extract_all="1" extract_private="1" extract_static="1" />
				<doxyfile_warnings />
				<doxyfile_output />
				<doxyfile_dot class_diagrams="1" have_dot="1" />
				<general />
			</DoxyBlocks>
		</Extensions>
	</Project>
</CodeBlocks_project_file>
